
Microsoft Visual Studio Solution File, Format Version 12.00
# Visual Studio Version 16
VisualStudioVersion = 16.0.31515.178
MinimumVisualStudioVersion = 10.0.40219.1
Project("{9A19103F-16F7-4668-BE54-9A1E7A4F7556}") = "ProjectProgressLibrary", "ProjectProgressLibrary\ProjectProgressLibrary.csproj", "{3514E229-96A8-44A7-BFB4-A4CCB44229B1}"
EndProject
Project("{9A19103F-16F7-4668-BE54-9A1E7A4F7556}") = "ProgressApplicationMVP", "ProgressApplicationMVP\ProgressApplicationMVP.csproj", "{F82C4591-E800-4060-95F0-039E064A5164}"
EndProject
Project("{9A19103F-16F7-4668-BE54-9A1E7A4F7556}") = "PortfolioMVP", "PortfolioMVP\PortfolioMVP.csproj", "{5776BC4E-A4D0-49F5-A8D4-9F39DCE43C32}"
EndProject
Project("{FAE04EC0-301F-11D3-BF4B-00C04F79EFBC}") = "BlazerServerTestApp", "BlazerServerTestApp\BlazerServerTestApp.csproj", "{DE99F714-E341-4A6B-9749-8A5827DEA0E3}"
EndProject
Project("{FAE04EC0-301F-11D3-BF4B-00C04F79EFBC}") = "BlazerWebAsseblyAppNetCore.Server", "BlazerWebAsseblyAppNetCore\Server\BlazerWebAsseblyAppNetCore.Server.csproj", "{7015693A-7DCB-4862-B6C7-2B0AADEDFD27}"
EndProject
Project("{FAE04EC0-301F-11D3-BF4B-00C04F79EFBC}") = "BlazerWebAsseblyAppNetCore.Client", "BlazerWebAsseblyAppNetCore\Client\BlazerWebAsseblyAppNetCore.Client.csproj", "{1AFFAF27-CD75-4CAA-A099-112B85016738}"
EndProject
Project("{FAE04EC0-301F-11D3-BF4B-00C04F79EFBC}") = "BlazerWebAsseblyAppNetCore.Shared", "BlazerWebAsseblyAppNetCore\Shared\BlazerWebAsseblyAppNetCore.Shared.csproj", "{66A39B00-83CF-4F58-A1E3-CB03088EEF73}"
EndProject
Project("{FAE04EC0-301F-11D3-BF4B-00C04F79EFBC}") = "BlazerWebAssemblyTestApp", "BlazerWebAssemblyTestApp\BlazerWebAssemblyTestApp.csproj", "{C482004E-FD18-4083-8720-CD123BEB3A0D}"
EndProject
Global
	GlobalSection(SolutionConfigurationPlatforms) = preSolution
		Debug|Any CPU = Debug|Any CPU
		Release|Any CPU = Release|Any CPU
	EndGlobalSection
	GlobalSection(ProjectConfigurationPlatforms) = postSolution
		{3514E229-96A8-44A7-BFB4-A4CCB44229B1}.Debug|Any CPU.ActiveCfg = Debug|Any CPU
		{3514E229-96A8-44A7-BFB4-A4CCB44229B1}.Debug|Any CPU.Build.0 = Debug|Any CPU
		{3514E229-96A8-44A7-BFB4-A4CCB44229B1}.Release|Any CPU.ActiveCfg = Release|Any CPU
		{3514E229-96A8-44A7-BFB4-A4CCB44229B1}.Release|Any CPU.Build.0 = Release|Any CPU
		{F82C4591-E800-4060-95F0-039E064A5164}.Debug|Any CPU.ActiveCfg = Debug|Any CPU
		{F82C4591-E800-4060-95F0-039E064A5164}.Debug|Any CPU.Build.0 = Debug|Any CPU
		{F82C4591-E800-4060-95F0-039E064A5164}.Release|Any CPU.ActiveCfg = Release|Any CPU
		{F82C4591-E800-4060-95F0-039E064A5164}.Release|Any CPU.Build.0 = Release|Any CPU
		{5776BC4E-A4D0-49F5-A8D4-9F39DCE43C32}.Debug|Any CPU.ActiveCfg = Debug|Any CPU
		{5776BC4E-A4D0-49F5-A8D4-9F39DCE43C32}.Debug|Any CPU.Build.0 = Debug|Any CPU
		{5776BC4E-A4D0-49F5-A8D4-9F39DCE43C32}.Release|Any CPU.ActiveCfg = Release|Any CPU
		{5776BC4E-A4D0-49F5-A8D4-9F39DCE43C32}.Release|Any CPU.Build.0 = Release|Any CPU
		{DE99F714-E341-4A6B-9749-8A5827DEA0E3}.Debug|Any CPU.ActiveCfg = Debug|Any CPU
		{DE99F714-E341-4A6B-9749-8A5827DEA0E3}.Debug|Any CPU.Build.0 = Debug|Any CPU
		{DE99F714-E341-4A6B-9749-8A5827DEA0E3}.Release|Any CPU.ActiveCfg = Release|Any CPU
		{DE99F714-E341-4A6B-9749-8A5827DEA0E3}.Release|Any CPU.Build.0 = Release|Any CPU
		{7015693A-7DCB-4862-B6C7-2B0AADEDFD27}.Debug|Any CPU.ActiveCfg = Debug|Any CPU
		{7015693A-7DCB-4862-B6C7-2B0AADEDFD27}.Debug|Any CPU.Build.0 = Debug|Any CPU
		{7015693A-7DCB-4862-B6C7-2B0AADEDFD27}.Release|Any CPU.ActiveCfg = Release|Any CPU
		{7015693A-7DCB-4862-B6C7-2B0AADEDFD27}.Release|Any CPU.Build.0 = Release|Any CPU
		{1AFFAF27-CD75-4CAA-A099-112B85016738}.Debug|Any CPU.ActiveCfg = Debug|Any CPU
		{1AFFAF27-CD75-4CAA-A099-112B85016738}.Debug|Any CPU.Build.0 = Debug|Any CPU
		{1AFFAF27-CD75-4CAA-A099-112B85016738}.Release|Any CPU.ActiveCfg = Release|Any CPU
		{1AFFAF27-CD75-4CAA-A099-112B85016738}.Release|Any CPU.Build.0 = Release|Any CPU
		{66A39B00-83CF-4F58-A1E3-CB03088EEF73}.Debug|Any CPU.ActiveCfg = Debug|Any CPU
		{66A39B00-83CF-4F58-A1E3-CB03088EEF73}.Debug|Any CPU.Build.0 = Debug|Any CPU
		{66A39B00-83CF-4F58-A1E3-CB03088EEF73}.Release|Any CPU.ActiveCfg = Release|Any CPU
		{66A39B00-83CF-4F58-A1E3-CB03088EEF73}.Release|Any CPU.Build.0 = Release|Any CPU
		{C482004E-FD18-4083-8720-CD123BEB3A0D}.Debug|Any CPU.ActiveCfg = Debug|Any CPU
		{C482004E-FD18-4083-8720-CD123BEB3A0D}.Debug|Any CPU.Build.0 = Debug|Any CPU
		{C482004E-FD18-4083-8720-CD123BEB3A0D}.Release|Any CPU.ActiveCfg = Release|Any CPU
		{C482004E-FD18-4083-8720-CD123BEB3A0D}.Release|Any CPU.Build.0 = Release|Any CPU
	EndGlobalSection
	GlobalSection(SolutionProperties) = preSolution
		HideSolutionNode = FALSE
	EndGlobalSection
	GlobalSection(ExtensibilityGlobals) = postSolution
		SolutionGuid = {5D08E5E4-A957-4F7B-B261-C14E8302AC9F}
	EndGlobalSection
EndGlobal
